
Microsoft Visual Studio Solution File, Format Version 12.00
# Visual Studio Version 16
VisualStudioVersion = 16.0.29613.14
MinimumVisualStudioVersion = 10.0.40219.1
Project("{9A19103F-16F7-4668-BE54-9A1E7A4F7556}") = "AccountOwnerServer.WebApi", "AccountOwnerServer.WebApi\AccountOwnerServer.WebApi.csproj", "{42A64F07-E78D-4B76-A6AA-A9E9D96F3F6F}"
EndProject
Project("{FAE04EC0-301F-11D3-BF4B-00C04F79EFBC}") = "AccountOwnerServer.Contracts", "Contracts\AccountOwnerServer.Contracts.csproj", "{F2E1109D-4695-40F6-B668-33EFF69DC1BD}"
EndProject
Project("{FAE04EC0-301F-11D3-BF4B-00C04F79EFBC}") = "AccountOwnerServer.LoggerService", "AccountOwnerServer.LoggerService\AccountOwnerServer.LoggerService.csproj", "{AC83825E-301F-4245-B837-55B506D0623A}"
EndProject
Global
	GlobalSection(SolutionConfigurationPlatforms) = preSolution
		Debug|Any CPU = Debug|Any CPU
		Release|Any CPU = Release|Any CPU
	EndGlobalSection
	GlobalSection(ProjectConfigurationPlatforms) = postSolution
		{42A64F07-E78D-4B76-A6AA-A9E9D96F3F6F}.Debug|Any CPU.ActiveCfg = Debug|Any CPU
		{42A64F07-E78D-4B76-A6AA-A9E9D96F3F6F}.Debug|Any CPU.Build.0 = Debug|Any CPU
		{42A64F07-E78D-4B76-A6AA-A9E9D96F3F6F}.Release|Any CPU.ActiveCfg = Release|Any CPU
		{42A64F07-E78D-4B76-A6AA-A9E9D96F3F6F}.Release|Any CPU.Build.0 = Release|Any CPU
		{F2E1109D-4695-40F6-B668-33EFF69DC1BD}.Debug|Any CPU.ActiveCfg = Debug|Any CPU
		{F2E1109D-4695-40F6-B668-33EFF69DC1BD}.Debug|Any CPU.Build.0 = Debug|Any CPU
		{F2E1109D-4695-40F6-B668-33EFF69DC1BD}.Release|Any CPU.ActiveCfg = Release|Any CPU
		{F2E1109D-4695-40F6-B668-33EFF69DC1BD}.Release|Any CPU.Build.0 = Release|Any CPU
		{AC83825E-301F-4245-B837-55B506D0623A}.Debug|Any CPU.ActiveCfg = Debug|Any CPU
		{AC83825E-301F-4245-B837-55B506D0623A}.Debug|Any CPU.Build.0 = Debug|Any CPU
		{AC83825E-301F-4245-B837-55B506D0623A}.Release|Any CPU.ActiveCfg = Release|Any CPU
		{AC83825E-301F-4245-B837-55B506D0623A}.Release|Any CPU.Build.0 = Release|Any CPU
	EndGlobalSection
	GlobalSection(SolutionProperties) = preSolution
		HideSolutionNode = FALSE
	EndGlobalSection
	GlobalSection(ExtensibilityGlobals) = postSolution
		SolutionGuid = {DF7B7588-269E-4012-AE32-FD100E94239D}
	EndGlobalSection
EndGlobal
